// !$*UTF8*$!
{
	archiveVersion = 1;
	classes = {
	};
	objectVersion = 56;
	objects = {

/* Begin PBXBuildFile section */
		B8076A962AA37DF700292CEF /* Weather.swift in Sources */ = {isa = PBXBuildFile; fileRef = B8076A952AA37DF700292CEF /* Weather.swift */; };
		B8076A9A2AA384F500292CEF /* WeatherTests.swift in Sources */ = {isa = PBXBuildFile; fileRef = B8076A992AA384F500292CEF /* WeatherTests.swift */; };
		B8076A9D2AA3908B00292CEF /* TemperatureUnit.swift in Sources */ = {isa = PBXBuildFile; fileRef = B8076A9C2AA3908B00292CEF /* TemperatureUnit.swift */; };
		B8076AA12AA3914300292CEF /* TemperatureUnitTests.swift in Sources */ = {isa = PBXBuildFile; fileRef = B8076AA02AA3914300292CEF /* TemperatureUnitTests.swift */; };
		B8076AA42AA472C600292CEF /* SearchCityView.swift in Sources */ = {isa = PBXBuildFile; fileRef = B8076AA32AA472C600292CEF /* SearchCityView.swift */; };
		B8076AA62AA472F200292CEF /* SearchCityViewModel.swift in Sources */ = {isa = PBXBuildFile; fileRef = B8076AA52AA472F200292CEF /* SearchCityViewModel.swift */; };
		B8076AA92AA48AF500292CEF /* GeoCodingAPI.swift in Sources */ = {isa = PBXBuildFile; fileRef = B8076AA82AA48AF500292CEF /* GeoCodingAPI.swift */; };
		B8076AAB2AA495EE00292CEF /* NetworkConfig.swift in Sources */ = {isa = PBXBuildFile; fileRef = B8076AAA2AA495EE00292CEF /* NetworkConfig.swift */; };
		B8076AAD2AA4982500292CEF /* GeoCodingAPITests.swift in Sources */ = {isa = PBXBuildFile; fileRef = B8076AAC2AA4982500292CEF /* GeoCodingAPITests.swift */; };
		B8076AB02AA4990700292CEF /* SpyURLSession.swift in Sources */ = {isa = PBXBuildFile; fileRef = B8076AAF2AA4990700292CEF /* SpyURLSession.swift */; };
		B8076AB22AA4999000292CEF /* URLSession+Extensions.swift in Sources */ = {isa = PBXBuildFile; fileRef = B8076AB12AA4999000292CEF /* URLSession+Extensions.swift */; };
		B8076AB52AA499C300292CEF /* APIError.swift in Sources */ = {isa = PBXBuildFile; fileRef = B8076AB42AA499C300292CEF /* APIError.swift */; };
		B809F9372AA6176300692D47 /* SearchCityViewModelTests.swift in Sources */ = {isa = PBXBuildFile; fileRef = B809F9362AA6176300692D47 /* SearchCityViewModelTests.swift */; };
		B839E1532AA23B4300DDD9AE /* WeatherAppApp.swift in Sources */ = {isa = PBXBuildFile; fileRef = B839E1522AA23B4300DDD9AE /* WeatherAppApp.swift */; };
		B839E1552AA23B4300DDD9AE /* CityView.swift in Sources */ = {isa = PBXBuildFile; fileRef = B839E1542AA23B4300DDD9AE /* CityView.swift */; };
		B839E1572AA23B4400DDD9AE /* Assets.xcassets in Resources */ = {isa = PBXBuildFile; fileRef = B839E1562AA23B4400DDD9AE /* Assets.xcassets */; };
		B839E15A2AA23B4400DDD9AE /* Preview Assets.xcassets in Resources */ = {isa = PBXBuildFile; fileRef = B839E1592AA23B4400DDD9AE /* Preview Assets.xcassets */; };
		B839E1812AA307D000DDD9AE /* CityViewModel.swift in Sources */ = {isa = PBXBuildFile; fileRef = B839E1802AA307D000DDD9AE /* CityViewModel.swift */; };
		B839E1852AA3095200DDD9AE /* LocationManager.swift in Sources */ = {isa = PBXBuildFile; fileRef = B839E1842AA3095200DDD9AE /* LocationManager.swift */; };
		B839E1882AA32D6C00DDD9AE /* CurrentWeatherAPI.swift in Sources */ = {isa = PBXBuildFile; fileRef = B839E1872AA32D6C00DDD9AE /* CurrentWeatherAPI.swift */; };
		B839E18B2AA3434800DDD9AE /* CurrentWeatherAPITests.swift in Sources */ = {isa = PBXBuildFile; fileRef = B839E18A2AA3434800DDD9AE /* CurrentWeatherAPITests.swift */; };
		B84DBF632AA756C8003275F4 /* TestHelpers.swift in Sources */ = {isa = PBXBuildFile; fileRef = B84DBF622AA756C8003275F4 /* TestHelpers.swift */; };
		B84DBF692AA76A9E003275F4 /* WeatherGradientView.swift in Sources */ = {isa = PBXBuildFile; fileRef = B84DBF682AA76A9E003275F4 /* WeatherGradientView.swift */; };
		B86260132AA4A217008E91A5 /* City.swift in Sources */ = {isa = PBXBuildFile; fileRef = B86260122AA4A217008E91A5 /* City.swift */; };
		B86260152AA4A2EC008E91A5 /* CityTests.swift in Sources */ = {isa = PBXBuildFile; fileRef = B86260142AA4A2EC008E91A5 /* CityTests.swift */; };
		B8DC5BB32AA657F300D23995 /* CityViewModelTests.swift in Sources */ = {isa = PBXBuildFile; fileRef = B8DC5BB22AA657F300D23995 /* CityViewModelTests.swift */; };
/* End PBXBuildFile section */

/* Begin PBXContainerItemProxy section */
		B839E1612AA23B4400DDD9AE /* PBXContainerItemProxy */ = {
			isa = PBXContainerItemProxy;
			containerPortal = B839E1472AA23B4300DDD9AE /* Project object */;
			proxyType = 1;
			remoteGlobalIDString = B839E14E2AA23B4300DDD9AE;
			remoteInfo = weatherApp;
		};
/* End PBXContainerItemProxy section */

/* Begin PBXFileReference section */
		B8076A952AA37DF700292CEF /* Weather.swift */ = {isa = PBXFileReference; lastKnownFileType = sourcecode.swift; path = Weather.swift; sourceTree = "<group>"; };
		B8076A992AA384F500292CEF /* WeatherTests.swift */ = {isa = PBXFileReference; lastKnownFileType = sourcecode.swift; path = WeatherTests.swift; sourceTree = "<group>"; };
		B8076A9C2AA3908B00292CEF /* TemperatureUnit.swift */ = {isa = PBXFileReference; lastKnownFileType = sourcecode.swift; path = TemperatureUnit.swift; sourceTree = "<group>"; };
		B8076AA02AA3914300292CEF /* TemperatureUnitTests.swift */ = {isa = PBXFileReference; lastKnownFileType = sourcecode.swift; path = TemperatureUnitTests.swift; sourceTree = "<group>"; };
		B8076AA32AA472C600292CEF /* SearchCityView.swift */ = {isa = PBXFileReference; lastKnownFileType = sourcecode.swift; path = SearchCityView.swift; sourceTree = "<group>"; };
		B8076AA52AA472F200292CEF /* SearchCityViewModel.swift */ = {isa = PBXFileReference; lastKnownFileType = sourcecode.swift; path = SearchCityViewModel.swift; sourceTree = "<group>"; };
		B8076AA82AA48AF500292CEF /* GeoCodingAPI.swift */ = {isa = PBXFileReference; lastKnownFileType = sourcecode.swift; path = GeoCodingAPI.swift; sourceTree = "<group>"; };
		B8076AAA2AA495EE00292CEF /* NetworkConfig.swift */ = {isa = PBXFileReference; lastKnownFileType = sourcecode.swift; path = NetworkConfig.swift; sourceTree = "<group>"; };
		B8076AAC2AA4982500292CEF /* GeoCodingAPITests.swift */ = {isa = PBXFileReference; lastKnownFileType = sourcecode.swift; path = GeoCodingAPITests.swift; sourceTree = "<group>"; };
		B8076AAF2AA4990700292CEF /* SpyURLSession.swift */ = {isa = PBXFileReference; lastKnownFileType = sourcecode.swift; path = SpyURLSession.swift; sourceTree = "<group>"; };
		B8076AB12AA4999000292CEF /* URLSession+Extensions.swift */ = {isa = PBXFileReference; lastKnownFileType = sourcecode.swift; path = "URLSession+Extensions.swift"; sourceTree = "<group>"; };
		B8076AB42AA499C300292CEF /* APIError.swift */ = {isa = PBXFileReference; lastKnownFileType = sourcecode.swift; path = APIError.swift; sourceTree = "<group>"; };
		B809F9362AA6176300692D47 /* SearchCityViewModelTests.swift */ = {isa = PBXFileReference; lastKnownFileType = sourcecode.swift; path = SearchCityViewModelTests.swift; sourceTree = "<group>"; };
		B839E14F2AA23B4300DDD9AE /* WeatherApp.app */ = {isa = PBXFileReference; explicitFileType = wrapper.application; includeInIndex = 0; path = WeatherApp.app; sourceTree = BUILT_PRODUCTS_DIR; };
		B839E1522AA23B4300DDD9AE /* WeatherAppApp.swift */ = {isa = PBXFileReference; lastKnownFileType = sourcecode.swift; path = WeatherAppApp.swift; sourceTree = "<group>"; };
		B839E1542AA23B4300DDD9AE /* CityView.swift */ = {isa = PBXFileReference; lastKnownFileType = sourcecode.swift; path = CityView.swift; sourceTree = "<group>"; };
		B839E1562AA23B4400DDD9AE /* Assets.xcassets */ = {isa = PBXFileReference; lastKnownFileType = folder.assetcatalog; path = Assets.xcassets; sourceTree = "<group>"; };
		B839E1592AA23B4400DDD9AE /* Preview Assets.xcassets */ = {isa = PBXFileReference; lastKnownFileType = folder.assetcatalog; path = "Preview Assets.xcassets"; sourceTree = "<group>"; };
		B839E15B2AA23B4400DDD9AE /* WeatherApp.entitlements */ = {isa = PBXFileReference; lastKnownFileType = text.plist.entitlements; path = WeatherApp.entitlements; sourceTree = "<group>"; };
		B839E1602AA23B4400DDD9AE /* WeatherAppTests.xctest */ = {isa = PBXFileReference; explicitFileType = wrapper.cfbundle; includeInIndex = 0; path = WeatherAppTests.xctest; sourceTree = BUILT_PRODUCTS_DIR; };
		B839E17D2AA2626000DDD9AE /* Info.plist */ = {isa = PBXFileReference; lastKnownFileType = text.plist; path = Info.plist; sourceTree = "<group>"; };
		B839E1802AA307D000DDD9AE /* CityViewModel.swift */ = {isa = PBXFileReference; lastKnownFileType = sourcecode.swift; path = CityViewModel.swift; sourceTree = "<group>"; };
		B839E1842AA3095200DDD9AE /* LocationManager.swift */ = {isa = PBXFileReference; lastKnownFileType = sourcecode.swift; path = LocationManager.swift; sourceTree = "<group>"; };
		B839E1872AA32D6C00DDD9AE /* CurrentWeatherAPI.swift */ = {isa = PBXFileReference; lastKnownFileType = sourcecode.swift; path = CurrentWeatherAPI.swift; sourceTree = "<group>"; };
		B839E18A2AA3434800DDD9AE /* CurrentWeatherAPITests.swift */ = {isa = PBXFileReference; lastKnownFileType = sourcecode.swift; path = CurrentWeatherAPITests.swift; sourceTree = "<group>"; };
		B84DBF622AA756C8003275F4 /* TestHelpers.swift */ = {isa = PBXFileReference; lastKnownFileType = sourcecode.swift; path = TestHelpers.swift; sourceTree = "<group>"; };
		B84DBF682AA76A9E003275F4 /* WeatherGradientView.swift */ = {isa = PBXFileReference; lastKnownFileType = sourcecode.swift; path = WeatherGradientView.swift; sourceTree = "<group>"; };
		B86260122AA4A217008E91A5 /* City.swift */ = {isa = PBXFileReference; lastKnownFileType = sourcecode.swift; path = City.swift; sourceTree = "<group>"; };
		B86260142AA4A2EC008E91A5 /* CityTests.swift */ = {isa = PBXFileReference; lastKnownFileType = sourcecode.swift; path = CityTests.swift; sourceTree = "<group>"; };
		B8DC5BB22AA657F300D23995 /* CityViewModelTests.swift */ = {isa = PBXFileReference; lastKnownFileType = sourcecode.swift; path = CityViewModelTests.swift; sourceTree = "<group>"; };
/* End PBXFileReference section */

/* Begin PBXFrameworksBuildPhase section */
		B839E14C2AA23B4300DDD9AE /* Frameworks */ = {
			isa = PBXFrameworksBuildPhase;
			buildActionMask = 2147483647;
			files = (
			);
			runOnlyForDeploymentPostprocessing = 0;
		};
		B839E15D2AA23B4400DDD9AE /* Frameworks */ = {
			isa = PBXFrameworksBuildPhase;
			buildActionMask = 2147483647;
			files = (
			);
			runOnlyForDeploymentPostprocessing = 0;
		};
/* End PBXFrameworksBuildPhase section */

/* Begin PBXGroup section */
		B8076A932AA37DD900292CEF /* Model */ = {
			isa = PBXGroup;
			children = (
				B8076A952AA37DF700292CEF /* Weather.swift */,
				B8076A9C2AA3908B00292CEF /* TemperatureUnit.swift */,
				B86260122AA4A217008E91A5 /* City.swift */,
			);
			path = Model;
			sourceTree = "<group>";
		};
		B8076A982AA384E100292CEF /* Model */ = {
			isa = PBXGroup;
			children = (
				B8076A992AA384F500292CEF /* WeatherTests.swift */,
				B8076AA02AA3914300292CEF /* TemperatureUnitTests.swift */,
				B86260142AA4A2EC008E91A5 /* CityTests.swift */,
			);
			path = Model;
			sourceTree = "<group>";
		};
		B8076AA22AA472AF00292CEF /* Search */ = {
			isa = PBXGroup;
			children = (
				B8076AA32AA472C600292CEF /* SearchCityView.swift */,
				B8076AA52AA472F200292CEF /* SearchCityViewModel.swift */,
			);
			path = Search;
			sourceTree = "<group>";
		};
		B8076AAE2AA498EC00292CEF /* Helpers */ = {
			isa = PBXGroup;
			children = (
				B8076AAF2AA4990700292CEF /* SpyURLSession.swift */,
			);
			path = Helpers;
			sourceTree = "<group>";
		};
		B8076AB32AA499AE00292CEF /* API */ = {
			isa = PBXGroup;
			children = (
				B839E1872AA32D6C00DDD9AE /* CurrentWeatherAPI.swift */,
				B8076AA82AA48AF500292CEF /* GeoCodingAPI.swift */,
				B8076AB42AA499C300292CEF /* APIError.swift */,
			);
			path = API;
			sourceTree = "<group>";
		};
		B809F9342AA6173700692D47 /* Views */ = {
			isa = PBXGroup;
			children = (
				B8DC5BB12AA657E400D23995 /* City */,
				B809F9352AA6173D00692D47 /* Search */,
			);
			path = Views;
			sourceTree = "<group>";
		};
		B809F9352AA6173D00692D47 /* Search */ = {
			isa = PBXGroup;
			children = (
				B809F9362AA6176300692D47 /* SearchCityViewModelTests.swift */,
			);
			path = Search;
			sourceTree = "<group>";
		};
		B839E1462AA23B4300DDD9AE = {
			isa = PBXGroup;
			children = (
				B839E1512AA23B4300DDD9AE /* WeatherApp */,
				B839E1632AA23B4400DDD9AE /* WeatherAppTests */,
				B839E1502AA23B4300DDD9AE /* Products */,
			);
			sourceTree = "<group>";
		};
		B839E1502AA23B4300DDD9AE /* Products */ = {
			isa = PBXGroup;
			children = (
				B839E14F2AA23B4300DDD9AE /* WeatherApp.app */,
				B839E1602AA23B4400DDD9AE /* WeatherAppTests.xctest */,
			);
			name = Products;
			sourceTree = "<group>";
		};
		B839E1512AA23B4300DDD9AE /* WeatherApp */ = {
			isa = PBXGroup;
			children = (
				B8076A932AA37DD900292CEF /* Model */,
				B839E1862AA3241E00DDD9AE /* Network */,
				B839E1822AA3094000DDD9AE /* Managers */,
				B839E17E2AA306FB00DDD9AE /* Views */,
				B84DBF672AA76A79003275F4 /* Shared Views */,
				B839E17D2AA2626000DDD9AE /* Info.plist */,
				B839E1522AA23B4300DDD9AE /* WeatherAppApp.swift */,
				B839E1562AA23B4400DDD9AE /* Assets.xcassets */,
				B839E15B2AA23B4400DDD9AE /* WeatherApp.entitlements */,
				B839E1582AA23B4400DDD9AE /* Preview Content */,
			);
			path = WeatherApp;
			sourceTree = "<group>";
		};
		B839E1582AA23B4400DDD9AE /* Preview Content */ = {
			isa = PBXGroup;
			children = (
				B839E1592AA23B4400DDD9AE /* Preview Assets.xcassets */,
			);
			path = "Preview Content";
			sourceTree = "<group>";
		};
		B839E1632AA23B4400DDD9AE /* WeatherAppTests */ = {
			isa = PBXGroup;
			children = (
				B809F9342AA6173700692D47 /* Views */,
				B8076A982AA384E100292CEF /* Model */,
				B839E1892AA3432C00DDD9AE /* Network */,
				B84DBF622AA756C8003275F4 /* TestHelpers.swift */,
			);
			path = WeatherAppTests;
			sourceTree = "<group>";
		};
		B839E17E2AA306FB00DDD9AE /* Views */ = {
			isa = PBXGroup;
			children = (
				B8076AA22AA472AF00292CEF /* Search */,
				B839E17F2AA3072100DDD9AE /* City */,
			);
			path = Views;
			sourceTree = "<group>";
		};
		B839E17F2AA3072100DDD9AE /* City */ = {
			isa = PBXGroup;
			children = (
				B839E1542AA23B4300DDD9AE /* CityView.swift */,
				B839E1802AA307D000DDD9AE /* CityViewModel.swift */,
			);
			path = City;
			sourceTree = "<group>";
		};
		B839E1822AA3094000DDD9AE /* Managers */ = {
			isa = PBXGroup;
			children = (
				B839E1832AA3094500DDD9AE /* Location */,
			);
			path = Managers;
			sourceTree = "<group>";
		};
		B839E1832AA3094500DDD9AE /* Location */ = {
			isa = PBXGroup;
			children = (
				B839E1842AA3095200DDD9AE /* LocationManager.swift */,
			);
			path = Location;
			sourceTree = "<group>";
		};
		B839E1862AA3241E00DDD9AE /* Network */ = {
			isa = PBXGroup;
			children = (
				B8076AB32AA499AE00292CEF /* API */,
				B8076AAA2AA495EE00292CEF /* NetworkConfig.swift */,
				B8076AB12AA4999000292CEF /* URLSession+Extensions.swift */,
			);
			path = Network;
			sourceTree = "<group>";
		};
		B839E1892AA3432C00DDD9AE /* Network */ = {
			isa = PBXGroup;
			children = (
				B8076AAE2AA498EC00292CEF /* Helpers */,
				B839E18A2AA3434800DDD9AE /* CurrentWeatherAPITests.swift */,
				B8076AAC2AA4982500292CEF /* GeoCodingAPITests.swift */,
			);
			path = Network;
			sourceTree = "<group>";
		};
		B84DBF672AA76A79003275F4 /* Shared Views */ = {
			isa = PBXGroup;
			children = (
				B84DBF682AA76A9E003275F4 /* WeatherGradientView.swift */,
			);
			path = "Shared Views";
			sourceTree = "<group>";
		};
		B8DC5BB12AA657E400D23995 /* City */ = {
			isa = PBXGroup;
			children = (
				B8DC5BB22AA657F300D23995 /* CityViewModelTests.swift */,
			);
			path = City;
			sourceTree = "<group>";
		};
/* End PBXGroup section */

/* Begin PBXNativeTarget section */
		B839E14E2AA23B4300DDD9AE /* WeatherApp */ = {
			isa = PBXNativeTarget;
			buildConfigurationList = B839E1742AA23B4400DDD9AE /* Build configuration list for PBXNativeTarget "WeatherApp" */;
			buildPhases = (
				B839E14B2AA23B4300DDD9AE /* Sources */,
				B839E14C2AA23B4300DDD9AE /* Frameworks */,
				B839E14D2AA23B4300DDD9AE /* Resources */,
			);
			buildRules = (
			);
			dependencies = (
			);
			name = WeatherApp;
			productName = weatherApp;
			productReference = B839E14F2AA23B4300DDD9AE /* WeatherApp.app */;
			productType = "com.apple.product-type.application";
		};
		B839E15F2AA23B4400DDD9AE /* WeatherAppTests */ = {
			isa = PBXNativeTarget;
			buildConfigurationList = B839E1772AA23B4400DDD9AE /* Build configuration list for PBXNativeTarget "WeatherAppTests" */;
			buildPhases = (
				B839E15C2AA23B4400DDD9AE /* Sources */,
				B839E15D2AA23B4400DDD9AE /* Frameworks */,
				B839E15E2AA23B4400DDD9AE /* Resources */,
			);
			buildRules = (
			);
			dependencies = (
				B839E1622AA23B4400DDD9AE /* PBXTargetDependency */,
			);
			name = WeatherAppTests;
			productName = weatherAppTests;
			productReference = B839E1602AA23B4400DDD9AE /* WeatherAppTests.xctest */;
			productType = "com.apple.product-type.bundle.unit-test";
		};
/* End PBXNativeTarget section */

/* Begin PBXProject section */
		B839E1472AA23B4300DDD9AE /* Project object */ = {
			isa = PBXProject;
			attributes = {
				BuildIndependentTargetsInParallel = 1;
				LastSwiftUpdateCheck = 1420;
				LastUpgradeCheck = 1420;
				TargetAttributes = {
					B839E14E2AA23B4300DDD9AE = {
						CreatedOnToolsVersion = 14.2;
					};
					B839E15F2AA23B4400DDD9AE = {
						CreatedOnToolsVersion = 14.2;
						LastSwiftMigration = 1420;
						TestTargetID = B839E14E2AA23B4300DDD9AE;
					};
				};
			};
			buildConfigurationList = B839E14A2AA23B4300DDD9AE /* Build configuration list for PBXProject "WeatherApp" */;
			compatibilityVersion = "Xcode 14.0";
			developmentRegion = en;
			hasScannedForEncodings = 0;
			knownRegions = (
				en,
				Base,
			);
			mainGroup = B839E1462AA23B4300DDD9AE;
			productRefGroup = B839E1502AA23B4300DDD9AE /* Products */;
			projectDirPath = "";
			projectRoot = "";
			targets = (
				B839E14E2AA23B4300DDD9AE /* WeatherApp */,
				B839E15F2AA23B4400DDD9AE /* WeatherAppTests */,
			);
		};
/* End PBXProject section */

/* Begin PBXResourcesBuildPhase section */
		B839E14D2AA23B4300DDD9AE /* Resources */ = {
			isa = PBXResourcesBuildPhase;
			buildActionMask = 2147483647;
			files = (
				B839E15A2AA23B4400DDD9AE /* Preview Assets.xcassets in Resources */,
				B839E1572AA23B4400DDD9AE /* Assets.xcassets in Resources */,
			);
			runOnlyForDeploymentPostprocessing = 0;
		};
		B839E15E2AA23B4400DDD9AE /* Resources */ = {
			isa = PBXResourcesBuildPhase;
			buildActionMask = 2147483647;
			files = (
			);
			runOnlyForDeploymentPostprocessing = 0;
		};
/* End PBXResourcesBuildPhase section */

/* Begin PBXSourcesBuildPhase section */
		B839E14B2AA23B4300DDD9AE /* Sources */ = {
			isa = PBXSourcesBuildPhase;
			buildActionMask = 2147483647;
			files = (
				B839E1852AA3095200DDD9AE /* LocationManager.swift in Sources */,
				B8076AAB2AA495EE00292CEF /* NetworkConfig.swift in Sources */,
				B8076AA62AA472F200292CEF /* SearchCityViewModel.swift in Sources */,
				B8076AA42AA472C600292CEF /* SearchCityView.swift in Sources */,
				B839E1552AA23B4300DDD9AE /* CityView.swift in Sources */,
				B8076AA92AA48AF500292CEF /* GeoCodingAPI.swift in Sources */,
				B86260132AA4A217008E91A5 /* City.swift in Sources */,
				B839E1812AA307D000DDD9AE /* CityViewModel.swift in Sources */,
				B839E1532AA23B4300DDD9AE /* WeatherAppApp.swift in Sources */,
				B8076AB22AA4999000292CEF /* URLSession+Extensions.swift in Sources */,
				B8076A962AA37DF700292CEF /* Weather.swift in Sources */,
				B839E1882AA32D6C00DDD9AE /* CurrentWeatherAPI.swift in Sources */,
				B84DBF692AA76A9E003275F4 /* WeatherGradientView.swift in Sources */,
				B8076A9D2AA3908B00292CEF /* TemperatureUnit.swift in Sources */,
				B8076AB52AA499C300292CEF /* APIError.swift in Sources */,
			);
			runOnlyForDeploymentPostprocessing = 0;
		};
		B839E15C2AA23B4400DDD9AE /* Sources */ = {
			isa = PBXSourcesBuildPhase;
			buildActionMask = 2147483647;
			files = (
				B8076AB02AA4990700292CEF /* SpyURLSession.swift in Sources */,
				B8076A9A2AA384F500292CEF /* WeatherTests.swift in Sources */,
				B809F9372AA6176300692D47 /* SearchCityViewModelTests.swift in Sources */,
				B8DC5BB32AA657F300D23995 /* CityViewModelTests.swift in Sources */,
				B8076AA12AA3914300292CEF /* TemperatureUnitTests.swift in Sources */,
				B8076AAD2AA4982500292CEF /* GeoCodingAPITests.swift in Sources */,
				B86260152AA4A2EC008E91A5 /* CityTests.swift in Sources */,
				B839E18B2AA3434800DDD9AE /* CurrentWeatherAPITests.swift in Sources */,
				B84DBF632AA756C8003275F4 /* TestHelpers.swift in Sources */,
			);
			runOnlyForDeploymentPostprocessing = 0;
		};
/* End PBXSourcesBuildPhase section */

/* Begin PBXTargetDependency section */
		B839E1622AA23B4400DDD9AE /* PBXTargetDependency */ = {
			isa = PBXTargetDependency;
			target = B839E14E2AA23B4300DDD9AE /* WeatherApp */;
			targetProxy = B839E1612AA23B4400DDD9AE /* PBXContainerItemProxy */;
		};
/* End PBXTargetDependency section */

/* Begin XCBuildConfiguration section */
		B839E1722AA23B4400DDD9AE /* Debug */ = {
			isa = XCBuildConfiguration;
			buildSettings = {
				ALWAYS_SEARCH_USER_PATHS = NO;
				CLANG_ANALYZER_NONNULL = YES;
				CLANG_ANALYZER_NUMBER_OBJECT_CONVERSION = YES_AGGRESSIVE;
				CLANG_CXX_LANGUAGE_STANDARD = "gnu++20";
				CLANG_ENABLE_MODULES = YES;
				CLANG_ENABLE_OBJC_ARC = YES;
				CLANG_ENABLE_OBJC_WEAK = YES;
				CLANG_WARN_BLOCK_CAPTURE_AUTORELEASING = YES;
				CLANG_WARN_BOOL_CONVERSION = YES;
				CLANG_WARN_COMMA = YES;
				CLANG_WARN_CONSTANT_CONVERSION = YES;
				CLANG_WARN_DEPRECATED_OBJC_IMPLEMENTATIONS = YES;
				CLANG_WARN_DIRECT_OBJC_ISA_USAGE = YES_ERROR;
				CLANG_WARN_DOCUMENTATION_COMMENTS = YES;
				CLANG_WARN_EMPTY_BODY = YES;
				CLANG_WARN_ENUM_CONVERSION = YES;
				CLANG_WARN_INFINITE_RECURSION = YES;
				CLANG_WARN_INT_CONVERSION = YES;
				CLANG_WARN_NON_LITERAL_NULL_CONVERSION = YES;
				CLANG_WARN_OBJC_IMPLICIT_RETAIN_SELF = YES;
				CLANG_WARN_OBJC_LITERAL_CONVERSION = YES;
				CLANG_WARN_OBJC_ROOT_CLASS = YES_ERROR;
				CLANG_WARN_QUOTED_INCLUDE_IN_FRAMEWORK_HEADER = YES;
				CLANG_WARN_RANGE_LOOP_ANALYSIS = YES;
				CLANG_WARN_STRICT_PROTOTYPES = YES;
				CLANG_WARN_SUSPICIOUS_MOVE = YES;
				CLANG_WARN_UNGUARDED_AVAILABILITY = YES_AGGRESSIVE;
				CLANG_WARN_UNREACHABLE_CODE = YES;
				CLANG_WARN__DUPLICATE_METHOD_MATCH = YES;
				COPY_PHASE_STRIP = NO;
				DEBUG_INFORMATION_FORMAT = dwarf;
				ENABLE_STRICT_OBJC_MSGSEND = YES;
				ENABLE_TESTABILITY = YES;
				GCC_C_LANGUAGE_STANDARD = gnu11;
				GCC_DYNAMIC_NO_PIC = NO;
				GCC_NO_COMMON_BLOCKS = YES;
				GCC_OPTIMIZATION_LEVEL = 0;
				GCC_PREPROCESSOR_DEFINITIONS = (
					"DEBUG=1",
					"$(inherited)",
				);
				GCC_WARN_64_TO_32_BIT_CONVERSION = YES;
				GCC_WARN_ABOUT_RETURN_TYPE = YES_ERROR;
				GCC_WARN_UNDECLARED_SELECTOR = YES;
				GCC_WARN_UNINITIALIZED_AUTOS = YES_AGGRESSIVE;
				GCC_WARN_UNUSED_FUNCTION = YES;
				GCC_WARN_UNUSED_VARIABLE = YES;
				IPHONEOS_DEPLOYMENT_TARGET = 16.0;
				MACOSX_DEPLOYMENT_TARGET = 13.1;
				MTL_ENABLE_DEBUG_INFO = INCLUDE_SOURCE;
				MTL_FAST_MATH = YES;
				ONLY_ACTIVE_ARCH = YES;
				SDKROOT = macosx;
				SWIFT_ACTIVE_COMPILATION_CONDITIONS = DEBUG;
				SWIFT_OPTIMIZATION_LEVEL = "-Onone";
			};
			name = Debug;
		};
		B839E1732AA23B4400DDD9AE /* Release */ = {
			isa = XCBuildConfiguration;
			buildSettings = {
				ALWAYS_SEARCH_USER_PATHS = NO;
				CLANG_ANALYZER_NONNULL = YES;
				CLANG_ANALYZER_NUMBER_OBJECT_CONVERSION = YES_AGGRESSIVE;
				CLANG_CXX_LANGUAGE_STANDARD = "gnu++20";
				CLANG_ENABLE_MODULES = YES;
				CLANG_ENABLE_OBJC_ARC = YES;
				CLANG_ENABLE_OBJC_WEAK = YES;
				CLANG_WARN_BLOCK_CAPTURE_AUTORELEASING = YES;
				CLANG_WARN_BOOL_CONVERSION = YES;
				CLANG_WARN_COMMA = YES;
				CLANG_WARN_CONSTANT_CONVERSION = YES;
				CLANG_WARN_DEPRECATED_OBJC_IMPLEMENTATIONS = YES;
				CLANG_WARN_DIRECT_OBJC_ISA_USAGE = YES_ERROR;
				CLANG_WARN_DOCUMENTATION_COMMENTS = YES;
				CLANG_WARN_EMPTY_BODY = YES;
				CLANG_WARN_ENUM_CONVERSION = YES;
				CLANG_WARN_INFINITE_RECURSION = YES;
				CLANG_WARN_INT_CONVERSION = YES;
				CLANG_WARN_NON_LITERAL_NULL_CONVERSION = YES;
				CLANG_WARN_OBJC_IMPLICIT_RETAIN_SELF = YES;
				CLANG_WARN_OBJC_LITERAL_CONVERSION = YES;
				CLANG_WARN_OBJC_ROOT_CLASS = YES_ERROR;
				CLANG_WARN_QUOTED_INCLUDE_IN_FRAMEWORK_HEADER = YES;
				CLANG_WARN_RANGE_LOOP_ANALYSIS = YES;
				CLANG_WARN_STRICT_PROTOTYPES = YES;
				CLANG_WARN_SUSPICIOUS_MOVE = YES;
				CLANG_WARN_UNGUARDED_AVAILABILITY = YES_AGGRESSIVE;
				CLANG_WARN_UNREACHABLE_CODE = YES;
				CLANG_WARN__DUPLICATE_METHOD_MATCH = YES;
				COPY_PHASE_STRIP = NO;
				DEBUG_INFORMATION_FORMAT = "dwarf-with-dsym";
				ENABLE_NS_ASSERTIONS = NO;
				ENABLE_STRICT_OBJC_MSGSEND = YES;
				GCC_C_LANGUAGE_STANDARD = gnu11;
				GCC_NO_COMMON_BLOCKS = YES;
				GCC_WARN_64_TO_32_BIT_CONVERSION = YES;
				GCC_WARN_ABOUT_RETURN_TYPE = YES_ERROR;
				GCC_WARN_UNDECLARED_SELECTOR = YES;
				GCC_WARN_UNINITIALIZED_AUTOS = YES_AGGRESSIVE;
				GCC_WARN_UNUSED_FUNCTION = YES;
				GCC_WARN_UNUSED_VARIABLE = YES;
				IPHONEOS_DEPLOYMENT_TARGET = 16.0;
				MACOSX_DEPLOYMENT_TARGET = 13.1;
				MTL_ENABLE_DEBUG_INFO = NO;
				MTL_FAST_MATH = YES;
				SDKROOT = macosx;
				SWIFT_COMPILATION_MODE = wholemodule;
				SWIFT_OPTIMIZATION_LEVEL = "-O";
			};
			name = Release;
		};
		B839E1752AA23B4400DDD9AE /* Debug */ = {
			isa = XCBuildConfiguration;
			buildSettings = {
				ASSETCATALOG_COMPILER_APPICON_NAME = AppIcon;
				ASSETCATALOG_COMPILER_GLOBAL_ACCENT_COLOR_NAME = AccentColor;
				CODE_SIGN_ENTITLEMENTS = weatherApp/weatherApp.entitlements;
				CODE_SIGN_STYLE = Automatic;
				COMBINE_HIDPI_IMAGES = YES;
				CURRENT_PROJECT_VERSION = 1;
				DEVELOPMENT_ASSET_PATHS = "\"weatherApp/Preview Content\"";
				DEVELOPMENT_TEAM = "";
				ENABLE_PREVIEWS = YES;
				GENERATE_INFOPLIST_FILE = YES;
				INFOPLIST_FILE = WeatherApp/Info.plist;
				INFOPLIST_KEY_CFBundleDisplayName = "Weather App";
				INFOPLIST_KEY_LSApplicationCategoryType = "public.app-category.weather";
				INFOPLIST_KEY_NSHumanReadableCopyright = "";
				INFOPLIST_KEY_NSLocationWhenInUseUsageDescription = "The app uses your location to show to you the weather conditions in your region";
				INFOPLIST_KEY_UISupportedInterfaceOrientations = UIInterfaceOrientationPortrait;
				LD_RUNPATH_SEARCH_PATHS = (
					"$(inherited)",
					"@executable_path/../Frameworks",
				);
				MARKETING_VERSION = 1.0;
				PRODUCT_BUNDLE_IDENTIFIER = flock.weatherApp;
				PRODUCT_NAME = "$(TARGET_NAME)";
				SUPPORTED_PLATFORMS = "iphoneos iphonesimulator";
				SUPPORTS_MACCATALYST = NO;
				SUPPORTS_MAC_DESIGNED_FOR_IPHONE_IPAD = NO;
				SWIFT_EMIT_LOC_STRINGS = YES;
				SWIFT_VERSION = 5.0;
				TARGETED_DEVICE_FAMILY = 1;
			};
			name = Debug;
		};
		B839E1762AA23B4400DDD9AE /* Release */ = {
			isa = XCBuildConfiguration;
			buildSettings = {
				ASSETCATALOG_COMPILER_APPICON_NAME = AppIcon;
				ASSETCATALOG_COMPILER_GLOBAL_ACCENT_COLOR_NAME = AccentColor;
				CODE_SIGN_ENTITLEMENTS = weatherApp/weatherApp.entitlements;
				CODE_SIGN_STYLE = Automatic;
				COMBINE_HIDPI_IMAGES = YES;
				CURRENT_PROJECT_VERSION = 1;
				DEVELOPMENT_ASSET_PATHS = "\"weatherApp/Preview Content\"";
				DEVELOPMENT_TEAM = "";
				ENABLE_PREVIEWS = YES;
				GENERATE_INFOPLIST_FILE = YES;
				INFOPLIST_FILE = WeatherApp/Info.plist;
				INFOPLIST_KEY_CFBundleDisplayName = "Weather App";
				INFOPLIST_KEY_LSApplicationCategoryType = "public.app-category.weather";
				INFOPLIST_KEY_NSHumanReadableCopyright = "";
				INFOPLIST_KEY_NSLocationWhenInUseUsageDescription = "The app uses your location to show to you the weather conditions in your region";
				INFOPLIST_KEY_UISupportedInterfaceOrientations = UIInterfaceOrientationPortrait;
				LD_RUNPATH_SEARCH_PATHS = (
					"$(inherited)",
					"@executable_path/../Frameworks",
				);
				MARKETING_VERSION = 1.0;
				PRODUCT_BUNDLE_IDENTIFIER = flock.weatherApp;
				PRODUCT_NAME = "$(TARGET_NAME)";
				SUPPORTED_PLATFORMS = "iphoneos iphonesimulator";
				SUPPORTS_MACCATALYST = NO;
				SUPPORTS_MAC_DESIGNED_FOR_IPHONE_IPAD = NO;
				SWIFT_EMIT_LOC_STRINGS = YES;
				SWIFT_VERSION = 5.0;
				TARGETED_DEVICE_FAMILY = 1;
			};
			name = Release;
		};
		B839E1782AA23B4400DDD9AE /* Debug */ = {
			isa = XCBuildConfiguration;
			buildSettings = {
				ALWAYS_EMBED_SWIFT_STANDARD_LIBRARIES = YES;
				BUNDLE_LOADER = "$(TEST_HOST)";
				CLANG_ENABLE_MODULES = YES;
				CODE_SIGN_STYLE = Automatic;
				CURRENT_PROJECT_VERSION = 1;
				GENERATE_INFOPLIST_FILE = YES;
				LD_RUNPATH_SEARCH_PATHS = (
					"$(inherited)",
					"@executable_path/Frameworks",
					"@loader_path/Frameworks",
				);
				MACOSX_DEPLOYMENT_TARGET = 13.1;
				MARKETING_VERSION = 1.0;
				PRODUCT_BUNDLE_IDENTIFIER = flock.weatherAppTests;
				PRODUCT_NAME = "$(TARGET_NAME)";
				SUPPORTED_PLATFORMS = "iphoneos iphonesimulator";
				SUPPORTS_MACCATALYST = NO;
				SUPPORTS_MAC_DESIGNED_FOR_IPHONE_IPAD = NO;
				SWIFT_EMIT_LOC_STRINGS = NO;
				SWIFT_OPTIMIZATION_LEVEL = "-Onone";
				SWIFT_VERSION = 5.0;
				TARGETED_DEVICE_FAMILY = 1;
				TEST_HOST = "$(BUILT_PRODUCTS_DIR)/WeatherApp.app/$(BUNDLE_EXECUTABLE_FOLDER_PATH)/WeatherApp";
			};
			name = Debug;
		};
		B839E1792AA23B4400DDD9AE /* Release */ = {
			isa = XCBuildConfiguration;
			buildSettings = {
				ALWAYS_EMBED_SWIFT_STANDARD_LIBRARIES = YES;
				BUNDLE_LOADER = "$(TEST_HOST)";
				CLANG_ENABLE_MODULES = YES;
				CODE_SIGN_STYLE = Automatic;
				CURRENT_PROJECT_VERSION = 1;
				GENERATE_INFOPLIST_FILE = YES;
				LD_RUNPATH_SEARCH_PATHS = (
					"$(inherited)",
					"@executable_path/Frameworks",
					"@loader_path/Frameworks",
				);
				MACOSX_DEPLOYMENT_TARGET = 13.1;
				MARKETING_VERSION = 1.0;
				PRODUCT_BUNDLE_IDENTIFIER = flock.weatherAppTests;
				PRODUCT_NAME = "$(TARGET_NAME)";
				SUPPORTED_PLATFORMS = "iphoneos iphonesimulator";
				SUPPORTS_MACCATALYST = NO;
				SUPPORTS_MAC_DESIGNED_FOR_IPHONE_IPAD = NO;
				SWIFT_EMIT_LOC_STRINGS = NO;
				SWIFT_VERSION = 5.0;
				TARGETED_DEVICE_FAMILY = 1;
				TEST_HOST = "$(BUILT_PRODUCTS_DIR)/WeatherApp.app/$(BUNDLE_EXECUTABLE_FOLDER_PATH)/WeatherApp";
			};
			name = Release;
		};
/* End XCBuildConfiguration section */

/* Begin XCConfigurationList section */
		B839E14A2AA23B4300DDD9AE /* Build configuration list for PBXProject "WeatherApp" */ = {
			isa = XCConfigurationList;
			buildConfigurations = (
				B839E1722AA23B4400DDD9AE /* Debug */,
				B839E1732AA23B4400DDD9AE /* Release */,
			);
			defaultConfigurationIsVisible = 0;
			defaultConfigurationName = Release;
		};
		B839E1742AA23B4400DDD9AE /* Build configuration list for PBXNativeTarget "WeatherApp" */ = {
			isa = XCConfigurationList;
			buildConfigurations = (
				B839E1752AA23B4400DDD9AE /* Debug */,
				B839E1762AA23B4400DDD9AE /* Release */,
			);
			defaultConfigurationIsVisible = 0;
			defaultConfigurationName = Release;
		};
		B839E1772AA23B4400DDD9AE /* Build configuration list for PBXNativeTarget "WeatherAppTests" */ = {
			isa = XCConfigurationList;
			buildConfigurations = (
				B839E1782AA23B4400DDD9AE /* Debug */,
				B839E1792AA23B4400DDD9AE /* Release */,
			);
			defaultConfigurationIsVisible = 0;
			defaultConfigurationName = Release;
		};
/* End XCConfigurationList section */
	};
	rootObject = B839E1472AA23B4300DDD9AE /* Project object */;
}
